
Microsoft Visual Studio Solution File, Format Version 12.00
# Visual Studio Version 16
VisualStudioVersion = 16.0.30611.23
MinimumVisualStudioVersion = 10.0.40219.1
Project("{FAE04EC0-301F-11D3-BF4B-00C04F79EFBC}") = "Korm TCP Client Mobile", "MenuActionBar\Korm TCP Client Mobile.csproj", "{548034FD-5AC5-4895-B172-56CADD67ED44}"
EndProject
Global
	GlobalSection(SolutionConfigurationPlatforms) = preSolution
		Debug|Any CPU = Debug|Any CPU
		Release|Any CPU = Release|Any CPU
	EndGlobalSection
	GlobalSection(ProjectConfigurationPlatforms) = postSolution
		{548034FD-5AC5-4895-B172-56CADD67ED44}.Debug|Any CPU.ActiveCfg = Debug|Any CPU
		{548034FD-5AC5-4895-B172-56CADD67ED44}.Debug|Any CPU.Build.0 = Debug|Any CPU
		{548034FD-5AC5-4895-B172-56CADD67ED44}.Debug|Any CPU.Deploy.0 = Debug|Any CPU
		{548034FD-5AC5-4895-B172-56CADD67ED44}.Release|Any CPU.ActiveCfg = Release|Any CPU
		{548034FD-5AC5-4895-B172-56CADD67ED44}.Release|Any CPU.Build.0 = Release|Any CPU
	EndGlobalSection
	GlobalSection(SolutionProperties) = preSolution
		HideSolutionNode = FALSE
	EndGlobalSection
	GlobalSection(ExtensibilityGlobals) = postSolution
		SolutionGuid = {9C073D19-288E-42A1-A3F1-5E08465C950D}
	EndGlobalSection
EndGlobal
